// !$*UTF8*$!
{
	archiveVersion = 1;
	classes = {
	};
	objectVersion = 46;
	objects = {

/* Begin PBXBuildFile section */
		3F699A371C0E1B9200A5162F /* Swiping Thru.swift in Sources */ = {isa = PBXBuildFile; fileRef = 3F699A361C0E1B9200A5162F /* Swiping Thru.swift */; };
		3FBFB4871C19F73500283D49 /* MatchViewController.swift in Sources */ = {isa = PBXBuildFile; fileRef = 3FBFB4861C19F73500283D49 /* MatchViewController.swift */; };
		3FC479DF1C0CCF40000A5274 /* AppDelegate.swift in Sources */ = {isa = PBXBuildFile; fileRef = 3FC479DE1C0CCF40000A5274 /* AppDelegate.swift */; };
		3FC479E11C0CCF40000A5274 /* ViewController.swift in Sources */ = {isa = PBXBuildFile; fileRef = 3FC479E01C0CCF40000A5274 /* ViewController.swift */; };
		3FC479E41C0CCF40000A5274 /* Main.storyboard in Resources */ = {isa = PBXBuildFile; fileRef = 3FC479E21C0CCF40000A5274 /* Main.storyboard */; };
		3FC479E61C0CCF40000A5274 /* Assets.xcassets in Resources */ = {isa = PBXBuildFile; fileRef = 3FC479E51C0CCF40000A5274 /* Assets.xcassets */; };
		3FC479E91C0CCF40000A5274 /* LaunchScreen.storyboard in Resources */ = {isa = PBXBuildFile; fileRef = 3FC479E71C0CCF40000A5274 /* LaunchScreen.storyboard */; };
		3FC479F41C0CCF40000A5274 /* Doggy_TinderTests.swift in Sources */ = {isa = PBXBuildFile; fileRef = 3FC479F31C0CCF40000A5274 /* Doggy_TinderTests.swift */; };
		3FC479FF1C0CCF40000A5274 /* Doggy_TinderUITests.swift in Sources */ = {isa = PBXBuildFile; fileRef = 3FC479FE1C0CCF40000A5274 /* Doggy_TinderUITests.swift */; };
/* End PBXBuildFile section */

/* Begin PBXContainerItemProxy section */
		3FC479F01C0CCF40000A5274 /* PBXContainerItemProxy */ = {
			isa = PBXContainerItemProxy;
			containerPortal = 3FC479D31C0CCF3F000A5274 /* Project object */;
			proxyType = 1;
			remoteGlobalIDString = 3FC479DA1C0CCF40000A5274;
			remoteInfo = "Doggy Tinder";
		};
		3FC479FB1C0CCF40000A5274 /* PBXContainerItemProxy */ = {
			isa = PBXContainerItemProxy;
			containerPortal = 3FC479D31C0CCF3F000A5274 /* Project object */;
			proxyType = 1;
			remoteGlobalIDString = 3FC479DA1C0CCF40000A5274;
			remoteInfo = "Doggy Tinder";
		};
/* End PBXContainerItemProxy section */

/* Begin PBXFileReference section */
		3F699A361C0E1B9200A5162F /* Swiping Thru.swift */ = {isa = PBXFileReference; fileEncoding = 4; lastKnownFileType = sourcecode.swift; path = "Swiping Thru.swift"; sourceTree = "<group>"; };
		3FBFB4861C19F73500283D49 /* MatchViewController.swift */ = {isa = PBXFileReference; fileEncoding = 4; lastKnownFileType = sourcecode.swift; path = MatchViewController.swift; sourceTree = "<group>"; };
		3FC479DB1C0CCF40000A5274 /* Doggy Tinder.app */ = {isa = PBXFileReference; explicitFileType = wrapper.application; includeInIndex = 0; path = "Doggy Tinder.app"; sourceTree = BUILT_PRODUCTS_DIR; };
		3FC479DE1C0CCF40000A5274 /* AppDelegate.swift */ = {isa = PBXFileReference; lastKnownFileType = sourcecode.swift; path = AppDelegate.swift; sourceTree = "<group>"; };
		3FC479E01C0CCF40000A5274 /* ViewController.swift */ = {isa = PBXFileReference; lastKnownFileType = sourcecode.swift; path = ViewController.swift; sourceTree = "<group>"; };
		3FC479E31C0CCF40000A5274 /* Base */ = {isa = PBXFileReference; lastKnownFileType = file.storyboard; name = Base; path = Base.lproj/Main.storyboard; sourceTree = "<group>"; };
		3FC479E51C0CCF40000A5274 /* Assets.xcassets */ = {isa = PBXFileReference; lastKnownFileType = folder.assetcatalog; path = Assets.xcassets; sourceTree = "<group>"; };
		3FC479E81C0CCF40000A5274 /* Base */ = {isa = PBXFileReference; lastKnownFileType = file.storyboard; name = Base; path = Base.lproj/LaunchScreen.storyboard; sourceTree = "<group>"; };
		3FC479EA1C0CCF40000A5274 /* Info.plist */ = {isa = PBXFileReference; lastKnownFileType = text.plist.xml; path = Info.plist; sourceTree = "<group>"; };
		3FC479EF1C0CCF40000A5274 /* Doggy TinderTests.xctest */ = {isa = PBXFileReference; explicitFileType = wrapper.cfbundle; includeInIndex = 0; path = "Doggy TinderTests.xctest"; sourceTree = BUILT_PRODUCTS_DIR; };
		3FC479F31C0CCF40000A5274 /* Doggy_TinderTests.swift */ = {isa = PBXFileReference; lastKnownFileType = sourcecode.swift; path = Doggy_TinderTests.swift; sourceTree = "<group>"; };
		3FC479F51C0CCF40000A5274 /* Info.plist */ = {isa = PBXFileReference; lastKnownFileType = text.plist.xml; path = Info.plist; sourceTree = "<group>"; };
		3FC479FA1C0CCF40000A5274 /* Doggy TinderUITests.xctest */ = {isa = PBXFileReference; explicitFileType = wrapper.cfbundle; includeInIndex = 0; path = "Doggy TinderUITests.xctest"; sourceTree = BUILT_PRODUCTS_DIR; };
		3FC479FE1C0CCF40000A5274 /* Doggy_TinderUITests.swift */ = {isa = PBXFileReference; lastKnownFileType = sourcecode.swift; path = Doggy_TinderUITests.swift; sourceTree = "<group>"; };
		3FC47A001C0CCF40000A5274 /* Info.plist */ = {isa = PBXFileReference; lastKnownFileType = text.plist.xml; path = Info.plist; sourceTree = "<group>"; };
/* End PBXFileReference section */

/* Begin PBXFrameworksBuildPhase section */
		3FC479D81C0CCF40000A5274 /* Frameworks */ = {
			isa = PBXFrameworksBuildPhase;
			buildActionMask = 2147483647;
			files = (
			);
			runOnlyForDeploymentPostprocessing = 0;
		};
		3FC479EC1C0CCF40000A5274 /* Frameworks */ = {
			isa = PBXFrameworksBuildPhase;
			buildActionMask = 2147483647;
			files = (
			);
			runOnlyForDeploymentPostprocessing = 0;
		};
		3FC479F71C0CCF40000A5274 /* Frameworks */ = {
			isa = PBXFrameworksBuildPhase;
			buildActionMask = 2147483647;
			files = (
			);
			runOnlyForDeploymentPostprocessing = 0;
		};
/* End PBXFrameworksBuildPhase section */

/* Begin PBXGroup section */
		3FC479D21C0CCF3F000A5274 = {
			isa = PBXGroup;
			children = (
				3FC479DD1C0CCF40000A5274 /* Doggy Tinder */,
				3FC479F21C0CCF40000A5274 /* Doggy TinderTests */,
				3FC479FD1C0CCF40000A5274 /* Doggy TinderUITests */,
				3FC479DC1C0CCF40000A5274 /* Products */,
			);
			sourceTree = "<group>";
		};
		3FC479DC1C0CCF40000A5274 /* Products */ = {
			isa = PBXGroup;
			children = (
				3FC479DB1C0CCF40000A5274 /* Doggy Tinder.app */,
				3FC479EF1C0CCF40000A5274 /* Doggy TinderTests.xctest */,
				3FC479FA1C0CCF40000A5274 /* Doggy TinderUITests.xctest */,
			);
			name = Products;
			sourceTree = "<group>";
		};
		3FC479DD1C0CCF40000A5274 /* Doggy Tinder */ = {
			isa = PBXGroup;
			children = (
				3FC479DE1C0CCF40000A5274 /* AppDelegate.swift */,
				3FC479E01C0CCF40000A5274 /* ViewController.swift */,
				3F699A361C0E1B9200A5162F /* Swiping Thru.swift */,
				3FC479E21C0CCF40000A5274 /* Main.storyboard */,
				3FBFB4861C19F73500283D49 /* MatchViewController.swift */,
				3FC479E51C0CCF40000A5274 /* Assets.xcassets */,
				3FC479E71C0CCF40000A5274 /* LaunchScreen.storyboard */,
				3FC479EA1C0CCF40000A5274 /* Info.plist */,
			);
			path = "Doggy Tinder";
			sourceTree = "<group>";
		};
		3FC479F21C0CCF40000A5274 /* Doggy TinderTests */ = {
			isa = PBXGroup;
			children = (
				3FC479F31C0CCF40000A5274 /* Doggy_TinderTests.swift */,
				3FC479F51C0CCF40000A5274 /* Info.plist */,
			);
			path = "Doggy TinderTests";
			sourceTree = "<group>";
		};
		3FC479FD1C0CCF40000A5274 /* Doggy TinderUITests */ = {
			isa = PBXGroup;
			children = (
				3FC479FE1C0CCF40000A5274 /* Doggy_TinderUITests.swift */,
				3FC47A001C0CCF40000A5274 /* Info.plist */,
			);
			path = "Doggy TinderUITests";
			sourceTree = "<group>";
		};
/* End PBXGroup section */

/* Begin PBXNativeTarget section */
		3FC479DA1C0CCF40000A5274 /* Doggy Tinder */ = {
			isa = PBXNativeTarget;
			buildConfigurationList = 3FC47A031C0CCF40000A5274 /* Build configuration list for PBXNativeTarget "Doggy Tinder" */;
			buildPhases = (
				3FC479D71C0CCF40000A5274 /* Sources */,
				3FC479D81C0CCF40000A5274 /* Frameworks */,
				3FC479D91C0CCF40000A5274 /* Resources */,
			);
			buildRules = (
			);
			dependencies = (
			);
			name = "Doggy Tinder";
			productName = "Doggy Tinder";
			productReference = 3FC479DB1C0CCF40000A5274 /* Doggy Tinder.app */;
			productType = "com.apple.product-type.application";
		};
		3FC479EE1C0CCF40000A5274 /* Doggy TinderTests */ = {
			isa = PBXNativeTarget;
			buildConfigurationList = 3FC47A061C0CCF40000A5274 /* Build configuration list for PBXNativeTarget "Doggy TinderTests" */;
			buildPhases = (
				3FC479EB1C0CCF40000A5274 /* Sources */,
				3FC479EC1C0CCF40000A5274 /* Frameworks */,
				3FC479ED1C0CCF40000A5274 /* Resources */,
			);
			buildRules = (
			);
			dependencies = (
				3FC479F11C0CCF40000A5274 /* PBXTargetDependency */,
			);
			name = "Doggy TinderTests";
			productName = "Doggy TinderTests";
			productReference = 3FC479EF1C0CCF40000A5274 /* Doggy TinderTests.xctest */;
			productType = "com.apple.product-type.bundle.unit-test";
		};
		3FC479F91C0CCF40000A5274 /* Doggy TinderUITests */ = {
			isa = PBXNativeTarget;
			buildConfigurationList = 3FC47A091C0CCF40000A5274 /* Build configuration list for PBXNativeTarget "Doggy TinderUITests" */;
			buildPhases = (
				3FC479F61C0CCF40000A5274 /* Sources */,
				3FC479F71C0CCF40000A5274 /* Frameworks */,
				3FC479F81C0CCF40000A5274 /* Resources */,
			);
			buildRules = (
			);
			dependencies = (
				3FC479FC1C0CCF40000A5274 /* PBXTargetDependency */,
			);
			name = "Doggy TinderUITests";
			productName = "Doggy TinderUITests";
			productReference = 3FC479FA1C0CCF40000A5274 /* Doggy TinderUITests.xctest */;
			productType = "com.apple.product-type.bundle.ui-testing";
		};
/* End PBXNativeTarget section */

/* Begin PBXProject section */
		3FC479D31C0CCF3F000A5274 /* Project object */ = {
			isa = PBXProject;
			attributes = {
				LastSwiftUpdateCheck = 0710;
				LastUpgradeCheck = 0710;
				ORGANIZATIONNAME = "Sabrina Chung";
				TargetAttributes = {
					3FC479DA1C0CCF40000A5274 = {
						CreatedOnToolsVersion = 7.1.1;
						DevelopmentTeam = JRGK85GET3;
					};
					3FC479EE1C0CCF40000A5274 = {
						CreatedOnToolsVersion = 7.1.1;
						DevelopmentTeam = JRGK85GET3;
						TestTargetID = 3FC479DA1C0CCF40000A5274;
					};
					3FC479F91C0CCF40000A5274 = {
						CreatedOnToolsVersion = 7.1.1;
						DevelopmentTeam = JRGK85GET3;
						TestTargetID = 3FC479DA1C0CCF40000A5274;
					};
				};
			};
			buildConfigurationList = 3FC479D61C0CCF3F000A5274 /* Build configuration list for PBXProject "Doggy Tinder" */;
			compatibilityVersion = "Xcode 3.2";
			developmentRegion = English;
			hasScannedForEncodings = 0;
			knownRegions = (
				en,
				Base,
			);
			mainGroup = 3FC479D21C0CCF3F000A5274;
			productRefGroup = 3FC479DC1C0CCF40000A5274 /* Products */;
			projectDirPath = "";
			projectRoot = "";
			targets = (
				3FC479DA1C0CCF40000A5274 /* Doggy Tinder */,
				3FC479EE1C0CCF40000A5274 /* Doggy TinderTests */,
				3FC479F91C0CCF40000A5274 /* Doggy TinderUITests */,
			);
		};
/* End PBXProject section */

/* Begin PBXResourcesBuildPhase section */
		3FC479D91C0CCF40000A5274 /* Resources */ = {
			isa = PBXResourcesBuildPhase;
			buildActionMask = 2147483647;
			files = (
				3FC479E91C0CCF40000A5274 /* LaunchScreen.storyboard in Resources */,
				3FC479E61C0CCF40000A5274 /* Assets.xcassets in Resources */,
				3FC479E41C0CCF40000A5274 /* Main.storyboard in Resources */,
			);
			runOnlyForDeploymentPostprocessing = 0;
		};
		3FC479ED1C0CCF40000A5274 /* Resources */ = {
			isa = PBXResourcesBuildPhase;
			buildActionMask = 2147483647;
			files = (
			);
			runOnlyForDeploymentPostprocessing = 0;
		};
		3FC479F81C0CCF40000A5274 /* Resources */ = {
			isa = PBXResourcesBuildPhase;
			buildActionMask = 2147483647;
			files = (
			);
			runOnlyForDeploymentPostprocessing = 0;
		};
/* End PBXResourcesBuildPhase section */

/* Begin PBXSourcesBuildPhase section */
		3FC479D71C0CCF40000A5274 /* Sources */ = {
			isa = PBXSourcesBuildPhase;
			buildActionMask = 2147483647;
			files = (
				3FBFB4871C19F73500283D49 /* MatchViewController.swift in Sources */,
				3F699A371C0E1B9200A5162F /* Swiping Thru.swift in Sources */,
				3FC479E11C0CCF40000A5274 /* ViewController.swift in Sources */,
				3FC479DF1C0CCF40000A5274 /* AppDelegate.swift in Sources */,
			);
			runOnlyForDeploymentPostprocessing = 0;
		};
		3FC479EB1C0CCF40000A5274 /* Sources */ = {
			isa = PBXSourcesBuildPhase;
			buildActionMask = 2147483647;
			files = (
				3FC479F41C0CCF40000A5274 /* Doggy_TinderTests.swift in Sources */,
			);
			runOnlyForDeploymentPostprocessing = 0;
		};
		3FC479F61C0CCF40000A5274 /* Sources */ = {
			isa = PBXSourcesBuildPhase;
			buildActionMask = 2147483647;
			files = (
				3FC479FF1C0CCF40000A5274 /* Doggy_TinderUITests.swift in Sources */,
			);
			runOnlyForDeploymentPostprocessing = 0;
		};
/* End PBXSourcesBuildPhase section */

/* Begin PBXTargetDependency section */
		3FC479F11C0CCF40000A5274 /* PBXTargetDependency */ = {
			isa = PBXTargetDependency;
			target = 3FC479DA1C0CCF40000A5274 /* Doggy Tinder */;
			targetProxy = 3FC479F01C0CCF40000A5274 /* PBXContainerItemProxy */;
		};
		3FC479FC1C0CCF40000A5274 /* PBXTargetDependency */ = {
			isa = PBXTargetDependency;
			target = 3FC479DA1C0CCF40000A5274 /* Doggy Tinder */;
			targetProxy = 3FC479FB1C0CCF40000A5274 /* PBXContainerItemProxy */;
		};
/* End PBXTargetDependency section */

/* Begin PBXVariantGroup section */
		3FC479E21C0CCF40000A5274 /* Main.storyboard */ = {
			isa = PBXVariantGroup;
			children = (
				3FC479E31C0CCF40000A5274 /* Base */,
			);
			name = Main.storyboard;
			sourceTree = "<group>";
		};
		3FC479E71C0CCF40000A5274 /* LaunchScreen.storyboard */ = {
			isa = PBXVariantGroup;
			children = (
				3FC479E81C0CCF40000A5274 /* Base */,
			);
			name = LaunchScreen.storyboard;
			sourceTree = "<group>";
		};
/* End PBXVariantGroup section */

/* Begin XCBuildConfiguration section */
		3FC47A011C0CCF40000A5274 /* Debug */ = {
			isa = XCBuildConfiguration;
			buildSettings = {
				ALWAYS_SEARCH_USER_PATHS = NO;
				CLANG_CXX_LANGUAGE_STANDARD = "gnu++0x";
				CLANG_CXX_LIBRARY = "libc++";
				CLANG_ENABLE_MODULES = YES;
				CLANG_ENABLE_OBJC_ARC = YES;
				CLANG_WARN_BOOL_CONVERSION = YES;
				CLANG_WARN_CONSTANT_CONVERSION = YES;
				CLANG_WARN_DIRECT_OBJC_ISA_USAGE = YES_ERROR;
				CLANG_WARN_EMPTY_BODY = YES;
				CLANG_WARN_ENUM_CONVERSION = YES;
				CLANG_WARN_INT_CONVERSION = YES;
				CLANG_WARN_OBJC_ROOT_CLASS = YES_ERROR;
				CLANG_WARN_UNREACHABLE_CODE = YES;
				CLANG_WARN__DUPLICATE_METHOD_MATCH = YES;
				"CODE_SIGN_IDENTITY[sdk=iphoneos*]" = "iPhone Developer";
				COPY_PHASE_STRIP = NO;
				DEBUG_INFORMATION_FORMAT = dwarf;
				ENABLE_STRICT_OBJC_MSGSEND = YES;
				ENABLE_TESTABILITY = YES;
				GCC_C_LANGUAGE_STANDARD = gnu99;
				GCC_DYNAMIC_NO_PIC = NO;
				GCC_NO_COMMON_BLOCKS = YES;
				GCC_OPTIMIZATION_LEVEL = 0;
				GCC_PREPROCESSOR_DEFINITIONS = (
					"DEBUG=1",
					"$(inherited)",
				);
				GCC_WARN_64_TO_32_BIT_CONVERSION = YES;
				GCC_WARN_ABOUT_RETURN_TYPE = YES_ERROR;
				GCC_WARN_UNDECLARED_SELECTOR = YES;
				GCC_WARN_UNINITIALIZED_AUTOS = YES_AGGRESSIVE;
				GCC_WARN_UNUSED_FUNCTION = YES;
				GCC_WARN_UNUSED_VARIABLE = YES;
				IPHONEOS_DEPLOYMENT_TARGET = 9.1;
				MTL_ENABLE_DEBUG_INFO = YES;
				ONLY_ACTIVE_ARCH = YES;
				SDKROOT = iphoneos;
				SWIFT_OPTIMIZATION_LEVEL = "-Onone";
				TARGETED_DEVICE_FAMILY = "1,2";
			};
			name = Debug;
		};
		3FC47A021C0CCF40000A5274 /* Release */ = {
			isa = XCBuildConfiguration;
			buildSettings = {
				ALWAYS_SEARCH_USER_PATHS = NO;
				CLANG_CXX_LANGUAGE_STANDARD = "gnu++0x";
				CLANG_CXX_LIBRARY = "libc++";
				CLANG_ENABLE_MODULES = YES;
				CLANG_ENABLE_OBJC_ARC = YES;
				CLANG_WARN_BOOL_CONVERSION = YES;
				CLANG_WARN_CONSTANT_CONVERSION = YES;
				CLANG_WARN_DIRECT_OBJC_ISA_USAGE = YES_ERROR;
				CLANG_WARN_EMPTY_BODY = YES;
				CLANG_WARN_ENUM_CONVERSION = YES;
				CLANG_WARN_INT_CONVERSION = YES;
				CLANG_WARN_OBJC_ROOT_CLASS = YES_ERROR;
				CLANG_WARN_UNREACHABLE_CODE = YES;
				CLANG_WARN__DUPLICATE_METHOD_MATCH = YES;
				"CODE_SIGN_IDENTITY[sdk=iphoneos*]" = "iPhone Developer";
				COPY_PHASE_STRIP = NO;
				DEBUG_INFORMATION_FORMAT = "dwarf-with-dsym";
				ENABLE_NS_ASSERTIONS = NO;
				ENABLE_STRICT_OBJC_MSGSEND = YES;
				GCC_C_LANGUAGE_STANDARD = gnu99;
				GCC_NO_COMMON_BLOCKS = YES;
				GCC_WARN_64_TO_32_BIT_CONVERSION = YES;
				GCC_WARN_ABOUT_RETURN_TYPE = YES_ERROR;
				GCC_WARN_UNDECLARED_SELECTOR = YES;
				GCC_WARN_UNINITIALIZED_AUTOS = YES_AGGRESSIVE;
				GCC_WARN_UNUSED_FUNCTION = YES;
				GCC_WARN_UNUSED_VARIABLE = YES;
				IPHONEOS_DEPLOYMENT_TARGET = 9.1;
				MTL_ENABLE_DEBUG_INFO = NO;
				SDKROOT = iphoneos;
				TARGETED_DEVICE_FAMILY = "1,2";
				VALIDATE_PRODUCT = YES;
			};
			name = Release;
		};
		3FC47A041C0CCF40000A5274 /* Debug */ = {
			isa = XCBuildConfiguration;
			buildSettings = {
				ASSETCATALOG_COMPILER_APPICON_NAME = AppIcon;
				INFOPLIST_FILE = "Doggy Tinder/Info.plist";
				LD_RUNPATH_SEARCH_PATHS = "$(inherited) @executable_path/Frameworks";
				PRODUCT_BUNDLE_IDENTIFIER = "Schung.Doggy-Tinder";
				PRODUCT_NAME = "$(TARGET_NAME)";
			};
			name = Debug;
		};
		3FC47A051C0CCF40000A5274 /* Release */ = {
			isa = XCBuildConfiguration;
			buildSettings = {
				ASSETCATALOG_COMPILER_APPICON_NAME = AppIcon;
				INFOPLIST_FILE = "Doggy Tinder/Info.plist";
				LD_RUNPATH_SEARCH_PATHS = "$(inherited) @executable_path/Frameworks";
				PRODUCT_BUNDLE_IDENTIFIER = "Schung.Doggy-Tinder";
				PRODUCT_NAME = "$(TARGET_NAME)";
			};
			name = Release;
		};
		3FC47A071C0CCF40000A5274 /* Debug */ = {
			isa = XCBuildConfiguration;
			buildSettings = {
				BUNDLE_LOADER = "$(TEST_HOST)";
				INFOPLIST_FILE = "Doggy TinderTests/Info.plist";
				LD_RUNPATH_SEARCH_PATHS = "$(inherited) @executable_path/Frameworks @loader_path/Frameworks";
				PRODUCT_BUNDLE_IDENTIFIER = "Schung.Doggy-TinderTests";
				PRODUCT_NAME = "$(TARGET_NAME)";
				TEST_HOST = "$(BUILT_PRODUCTS_DIR)/Doggy Tinder.app/Doggy Tinder";
			};
			name = Debug;
		};
		3FC47A081C0CCF40000A5274 /* Release */ = {
			isa = XCBuildConfiguration;
			buildSettings = {
				BUNDLE_LOADER = "$(TEST_HOST)";
				INFOPLIST_FILE = "Doggy TinderTests/Info.plist";
				LD_RUNPATH_SEARCH_PATHS = "$(inherited) @executable_path/Frameworks @loader_path/Frameworks";
				PRODUCT_BUNDLE_IDENTIFIER = "Schung.Doggy-TinderTests";
				PRODUCT_NAME = "$(TARGET_NAME)";
				TEST_HOST = "$(BUILT_PRODUCTS_DIR)/Doggy Tinder.app/Doggy Tinder";
			};
			name = Release;
		};
		3FC47A0A1C0CCF40000A5274 /* Debug */ = {
			isa = XCBuildConfiguration;
			buildSettings = {
				INFOPLIST_FILE = "Doggy TinderUITests/Info.plist";
				LD_RUNPATH_SEARCH_PATHS = "$(inherited) @executable_path/Frameworks @loader_path/Frameworks";
				PRODUCT_BUNDLE_IDENTIFIER = "Schung.Doggy-TinderUITests";
				PRODUCT_NAME = "$(TARGET_NAME)";
				TEST_TARGET_NAME = "Doggy Tinder";
				USES_XCTRUNNER = YES;
			};
			name = Debug;
		};
		3FC47A0B1C0CCF40000A5274 /* Release */ = {
			isa = XCBuildConfiguration;
			buildSettings = {
				INFOPLIST_FILE = "Doggy TinderUITests/Info.plist";
				LD_RUNPATH_SEARCH_PATHS = "$(inherited) @executable_path/Frameworks @loader_path/Frameworks";
				PRODUCT_BUNDLE_IDENTIFIER = "Schung.Doggy-TinderUITests";
				PRODUCT_NAME = "$(TARGET_NAME)";
				TEST_TARGET_NAME = "Doggy Tinder";
				USES_XCTRUNNER = YES;
			};
			name = Release;
		};
/* End XCBuildConfiguration section */

/* Begin XCConfigurationList section */
		3FC479D61C0CCF3F000A5274 /* Build configuration list for PBXProject "Doggy Tinder" */ = {
			isa = XCConfigurationList;
			buildConfigurations = (
				3FC47A011C0CCF40000A5274 /* Debug */,
				3FC47A021C0CCF40000A5274 /* Release */,
			);
			defaultConfigurationIsVisible = 0;
			defaultConfigurationName = Release;
		};
		3FC47A031C0CCF40000A5274 /* Build configuration list for PBXNativeTarget "Doggy Tinder" */ = {
			isa = XCConfigurationList;
			buildConfigurations = (
				3FC47A041C0CCF40000A5274 /* Debug */,
				3FC47A051C0CCF40000A5274 /* Release */,
			);
			defaultConfigurationIsVisible = 0;
			defaultConfigurationName = Release;
		};
		3FC47A061C0CCF40000A5274 /* Build configuration list for PBXNativeTarget "Doggy TinderTests" */ = {
			isa = XCConfigurationList;
			buildConfigurations = (
				3FC47A071C0CCF40000A5274 /* Debug */,
				3FC47A081C0CCF40000A5274 /* Release */,
			);
			defaultConfigurationIsVisible = 0;
			defaultConfigurationName = Release;
		};
		3FC47A091C0CCF40000A5274 /* Build configuration list for PBXNativeTarget "Doggy TinderUITests" */ = {
			isa = XCConfigurationList;
			buildConfigurations = (
				3FC47A0A1C0CCF40000A5274 /* Debug */,
				3FC47A0B1C0CCF40000A5274 /* Release */,
			);
			defaultConfigurationIsVisible = 0;
			defaultConfigurationName = Release;
		};
/* End XCConfigurationList section */
	};
	rootObject = 3FC479D31C0CCF3F000A5274 /* Project object */;
}
